
Microsoft Visual Studio Solution File, Format Version 12.00
# Visual Studio Version 17
VisualStudioVersion = 17.3.32811.315
MinimumVisualStudioVersion = 10.0.40219.1
Project("{8BC9CEB8-8B4A-11D0-8D11-00A0C91BC942}") = "testIHMClimingProject", "testIHMClimingProject\testIHMClimingProject.vcxproj", "{F2618C64-D92F-4163-A2F0-1AC7A9C5017C}"
EndProject
Global
	GlobalSection(SolutionConfigurationPlatforms) = preSolution
		Debug|x64 = Debug|x64
		Release|x64 = Release|x64
	EndGlobalSection
	GlobalSection(ProjectConfigurationPlatforms) = postSolution
		{F2618C64-D92F-4163-A2F0-1AC7A9C5017C}.Debug|x64.ActiveCfg = Debug|x64
		{F2618C64-D92F-4163-A2F0-1AC7A9C5017C}.Debug|x64.Build.0 = Debug|x64
		{F2618C64-D92F-4163-A2F0-1AC7A9C5017C}.Release|x64.ActiveCfg = Release|x64
		{F2618C64-D92F-4163-A2F0-1AC7A9C5017C}.Release|x64.Build.0 = Release|x64
	EndGlobalSection
	GlobalSection(SolutionProperties) = preSolution
		HideSolutionNode = FALSE
	EndGlobalSection
	GlobalSection(ExtensibilityGlobals) = postSolution
		SolutionGuid = {2302B1F1-C8E1-463E-A44B-296A99DC2E20}
	EndGlobalSection
EndGlobal
