<?xml version="1.0" encoding="utf-8"?>
<Project ToolsVersion="4.0" xmlns="http://schemas.microsoft.com/developer/msbuild/2003">
  <ItemGroup>
    <Filter Include="Source Files">
      <UniqueIdentifier>{4FC737F1-C7A5-4376-A066-2A32D752A2FF}</UniqueIdentifier>
      <Extensions>qml;cpp;c;cc;cxx;def;odl;idl;hpj;bat;asm;asmx</Extensions>
    </Filter>
    <Filter Include="Header Files">
      <UniqueIdentifier>{93995380-89BD-4b04-88EB-625FBE52EBFB}</UniqueIdentifier>
      <Extensions>h;hh;hpp;hxx;hm;inl;inc;xsd</Extensions>
    </Filter>
    <Filter Include="Resource Files">
      <UniqueIdentifier>{67DA6AB6-F800-4c08-8B7A-83BB121AAD01}</UniqueIdentifier>
      <Extensions>qrc;rc;ico;cur;bmp;dlg;rc2;rct;bin;rgs;gif;jpg;jpeg;jpe;resx;tiff;tif;png;wav;mfcribbon-ms</Extensions>
    </Filter>
    <Filter Include="Form Files">
      <UniqueIdentifier>{99349809-55BA-4b9d-BF79-8FDBB0286EB3}</UniqueIdentifier>
      <Extensions>ui</Extensions>
    </Filter>
    <Filter Include="Translation Files">
      <UniqueIdentifier>{639EADAA-A684-42e4-A9AD-28FC9BCB8F7C}</UniqueIdentifier>
      <Extensions>ts</Extensions>
    </Filter>
    <Filter Include="Source Files\Model">
      <UniqueIdentifier>{277070a3-05ab-431a-95a4-1f535f01ce37}</UniqueIdentifier>
    </Filter>
    <Filter Include="Source Files\Window">
      <UniqueIdentifier>{822c9089-949c-4fe4-93a1-2fcbad998b24}</UniqueIdentifier>
    </Filter>
    <Filter Include="Header Files\Window">
      <UniqueIdentifier>{e0d0c573-db7d-4711-aa60-fc34099d4a71}</UniqueIdentifier>
    </Filter>
    <Filter Include="Source Files\Database">
      <UniqueIdentifier>{533752fe-56e7-4d00-afc5-694b083c1bb9}</UniqueIdentifier>
    </Filter>
  </ItemGroup>
  <ItemGroup>
    <QtRcc Include="testIHMClimingProject.qrc">
      <Filter>Resource Files</Filter>
    </QtRcc>
    <QtUic Include="testIHMClimingProject.ui">
      <Filter>Form Files</Filter>
    </QtUic>
  </ItemGroup>
  <ItemGroup>
    <ClCompile Include="main.cpp">
      <Filter>Source Files</Filter>
    </ClCompile>
    <ClCompile Include="Joueur.cpp">
      <Filter>Source Files\Model</Filter>
    </ClCompile>
    <ClCompile Include="Prises.cpp">
      <Filter>Source Files\Model</Filter>
    </ClCompile>
    <ClCompile Include="choixParcoursMenu.cpp">
      <Filter>Source Files\Window</Filter>
    </ClCompile>
    <ClCompile Include="dialogLogin.cpp">
      <Filter>Source Files\Window</Filter>
    </ClCompile>
    <ClCompile Include="editionMenu.cpp">
      <Filter>Source Files\Window</Filter>
    </ClCompile>
    <ClCompile Include="jeuMenu.cpp">
      <Filter>Source Files\Window</Filter>
    </ClCompile>
    <ClCompile Include="scoresMenu.cpp">
      <Filter>Source Files\Window</Filter>
    </ClCompile>
    <ClCompile Include="testIHMClimingProject.cpp">
      <Filter>Source Files\Window</Filter>
    </ClCompile>
    <ClCompile Include="Parcours.cpp">
      <Filter>Source Files\Model</Filter>
    </ClCompile>
    <ClCompile Include="Database.cpp">
      <Filter>Source Files\Database</Filter>
    </ClCompile>
    <ClCompile Include="..\..\..\..\..\..\Downloads\sqlite-amalgamation-3070400\sqlite-amalgamation-3070400\sqlite3.c">
      <Filter>Source Files\Database</Filter>
    </ClCompile>
  </ItemGroup>
  <ItemGroup>
    <QtUic Include="dialogLogin.ui">
      <Filter>Form Files</Filter>
    </QtUic>
    <QtUic Include="jeuMenu.ui">
      <Filter>Form Files</Filter>
    </QtUic>
    <QtUic Include="editionMenu.ui">
      <Filter>Form Files</Filter>
    </QtUic>
    <QtUic Include="choixParcoursMenu.ui">
      <Filter>Form Files</Filter>
    </QtUic>
    <QtUic Include="scoresMenu.ui">
      <Filter>Form Files</Filter>
    </QtUic>
  </ItemGroup>
  <ItemGroup>
    <QtMoc Include="choixParcoursMenu.h">
      <Filter>Header Files\Window</Filter>
    </QtMoc>
    <QtMoc Include="dialogLogin.h">
      <Filter>Header Files\Window</Filter>
    </QtMoc>
    <QtMoc Include="editionMenu.h">
      <Filter>Header Files\Window</Filter>
    </QtMoc>
    <QtMoc Include="jeuMenu.h">
      <Filter>Header Files\Window</Filter>
    </QtMoc>
    <QtMoc Include="scoresMenu.h">
      <Filter>Header Files\Window</Filter>
    </QtMoc>
    <QtMoc Include="testIHMClimingProject.h">
      <Filter>Header Files\Window</Filter>
    </QtMoc>
  </ItemGroup>
  <ItemGroup>
    <ClInclude Include="Joueur.h">
      <Filter>Source Files\Model</Filter>
    </ClInclude>
    <ClInclude Include="Prises.h">
      <Filter>Source Files\Model</Filter>
    </ClInclude>
    <ClInclude Include="Parcours.h">
      <Filter>Source Files\Model</Filter>
    </ClInclude>
    <ClInclude Include="Database.h">
      <Filter>Source Files\Database</Filter>
    </ClInclude>
    <ClInclude Include="sqlite3.h">
      <Filter>Source Files\Database</Filter>
    </ClInclude>
  </ItemGroup>
</Project>